
Microsoft Visual Studio Solution File, Format Version 12.00
# Visual Studio Version 17
VisualStudioVersion = 17.8.34316.72
MinimumVisualStudioVersion = 10.0.40219.1
Project("{FAE04EC0-301F-11D3-BF4B-00C04F79EFBC}") = "WebExTVAzteca", "WebExTVAzteca\WebExTVAzteca.csproj", "{61EA0135-423F-4922-B757-D94F5103F6B3}"
EndProject
Project("{2150E333-8FDC-42A3-9474-1A3956D46DE8}") = "UI", "UI", "{900AE176-9BAB-4C37-AAE9-E56167B5AD7C}"
EndProject
Project("{2150E333-8FDC-42A3-9474-1A3956D46DE8}") = "Bussiness", "Bussiness", "{110BCAD1-7EBE-45BA-8605-86CB72AF1EFB}"
EndProject
Project("{2150E333-8FDC-42A3-9474-1A3956D46DE8}") = "Data", "Data", "{47A87832-B527-4E53-A36F-CBF6A7CF575D}"
EndProject
Project("{FAE04EC0-301F-11D3-BF4B-00C04F79EFBC}") = "DataNotas", "DataNotas\DataNotas.csproj", "{40BE276B-2029-4D03-8EC2-46468088C4B0}"
EndProject
Project("{FAE04EC0-301F-11D3-BF4B-00C04F79EFBC}") = "BussinesNota", "BussinesNota\BussinesNota.csproj", "{C627EBBE-FC4D-47A4-9D9C-B97C3D025B4F}"
EndProject
Global
	GlobalSection(SolutionConfigurationPlatforms) = preSolution
		Debug|Any CPU = Debug|Any CPU
		Release|Any CPU = Release|Any CPU
	EndGlobalSection
	GlobalSection(ProjectConfigurationPlatforms) = postSolution
		{61EA0135-423F-4922-B757-D94F5103F6B3}.Debug|Any CPU.ActiveCfg = Debug|Any CPU
		{61EA0135-423F-4922-B757-D94F5103F6B3}.Debug|Any CPU.Build.0 = Debug|Any CPU
		{61EA0135-423F-4922-B757-D94F5103F6B3}.Release|Any CPU.ActiveCfg = Release|Any CPU
		{61EA0135-423F-4922-B757-D94F5103F6B3}.Release|Any CPU.Build.0 = Release|Any CPU
		{40BE276B-2029-4D03-8EC2-46468088C4B0}.Debug|Any CPU.ActiveCfg = Debug|Any CPU
		{40BE276B-2029-4D03-8EC2-46468088C4B0}.Debug|Any CPU.Build.0 = Debug|Any CPU
		{40BE276B-2029-4D03-8EC2-46468088C4B0}.Release|Any CPU.ActiveCfg = Release|Any CPU
		{40BE276B-2029-4D03-8EC2-46468088C4B0}.Release|Any CPU.Build.0 = Release|Any CPU
		{C627EBBE-FC4D-47A4-9D9C-B97C3D025B4F}.Debug|Any CPU.ActiveCfg = Debug|Any CPU
		{C627EBBE-FC4D-47A4-9D9C-B97C3D025B4F}.Debug|Any CPU.Build.0 = Debug|Any CPU
		{C627EBBE-FC4D-47A4-9D9C-B97C3D025B4F}.Release|Any CPU.ActiveCfg = Release|Any CPU
		{C627EBBE-FC4D-47A4-9D9C-B97C3D025B4F}.Release|Any CPU.Build.0 = Release|Any CPU
	EndGlobalSection
	GlobalSection(SolutionProperties) = preSolution
		HideSolutionNode = FALSE
	EndGlobalSection
	GlobalSection(NestedProjects) = preSolution
		{61EA0135-423F-4922-B757-D94F5103F6B3} = {900AE176-9BAB-4C37-AAE9-E56167B5AD7C}
		{40BE276B-2029-4D03-8EC2-46468088C4B0} = {47A87832-B527-4E53-A36F-CBF6A7CF575D}
		{C627EBBE-FC4D-47A4-9D9C-B97C3D025B4F} = {110BCAD1-7EBE-45BA-8605-86CB72AF1EFB}
	EndGlobalSection
	GlobalSection(ExtensibilityGlobals) = postSolution
		SolutionGuid = {CE7E2124-1735-4FDC-9F3D-7D9D24A60D4A}
	EndGlobalSection
EndGlobal
